{
  "version": 4,
  "terraform_version": "1.3.3",
  "serial": 5,
  "lineage": "4ef7dedf-4517-e0ea-2854-7e63deadbd2d",
  "outputs": {
    "ubuntuvm_ip": {
      "value": "142.93.123.157",
      "type": "string"
    }
  },
  "resources": [
    {
      "mode": "data",
      "type": "digitalocean_ssh_key",
      "name": "sshkeys",
      "provider": "provider[\"registry.terraform.io/digitalocean/digitalocean\"]",
      "instances": [
        {
          "schema_version": 0,
          "attributes": {
            "fingerprint": "c6:f7:3b:f4:57:11:91:09:6e:24:c1:0c:dc:17:6d:75",
            "id": 36542589,
            "name": "iMac-Diogo",
            "public_key": "ssh-ed25519 AAAAC3NzaC1lZDI1NTE5AAAAIFXNIr4khtsz7RUOprjv1mM6h7GVDVOkqIt6u/QhmG55 diogopuppim@gmail.com"
          },
          "sensitive_attributes": []
        }
      ]
    },
    {
      "mode": "managed",
      "type": "digitalocean_droplet",
      "name": "ubuntuvm",
      "provider": "provider[\"registry.terraform.io/digitalocean/digitalocean\"]",
      "instances": [
        {
          "schema_version": 1,
          "attributes": {
            "backups": false,
            "created_at": "2022-10-26T11:12:26Z",
            "disk": 25,
            "droplet_agent": null,
            "graceful_shutdown": false,
            "id": "322982356",
            "image": "ubuntu-22-04-x64",
            "ipv4_address": "142.93.123.157",
            "ipv4_address_private": "10.116.0.2",
            "ipv6": false,
            "ipv6_address": "",
            "locked": false,
            "memory": 1024,
            "monitoring": false,
            "name": "ubuntuvm",
            "price_hourly": 0.00893,
            "price_monthly": 6,
            "private_networking": true,
            "region": "nyc1",
            "resize_disk": true,
            "size": "s-1vcpu-1gb",
            "ssh_keys": [
              "c6:f7:3b:f4:57:11:91:09:6e:24:c1:0c:dc:17:6d:75"
            ],
            "status": "active",
            "tags": null,
            "timeouts": null,
            "urn": "do:droplet:322982356",
            "user_data": null,
            "vcpus": 1,
            "volume_ids": [],
            "vpc_uuid": "89bf0873-517c-49c9-a4b4-caa3ee8ea2f6"
          },
          "sensitive_attributes": [],
          "private": "eyJlMmJmYjczMC1lY2FhLTExZTYtOGY4OC0zNDM2M2JjN2M0YzAiOnsiY3JlYXRlIjozNjAwMDAwMDAwMDAwLCJkZWxldGUiOjYwMDAwMDAwMDAwLCJ1cGRhdGUiOjM2MDAwMDAwMDAwMDB9LCJzY2hlbWFfdmVyc2lvbiI6IjEifQ==",
          "dependencies": [
            "data.digitalocean_ssh_key.sshkeys"
          ]
        }
      ]
    },
    {
      "mode": "managed",
      "type": "digitalocean_project",
      "name": "labDevops",
      "provider": "provider[\"registry.terraform.io/digitalocean/digitalocean\"]",
      "instances": [
        {
          "schema_version": 0,
          "attributes": {
            "created_at": "2022-10-26T11:13:18Z",
            "description": "A project to represent development resources.",
            "environment": "Development",
            "id": "8cd7d1a7-2613-432c-8dc2-5aea7bc0b0b5",
            "is_default": false,
            "name": "labDevops",
            "owner_id": 12703932,
            "owner_uuid": "dc437cb7-8bf7-4284-9ef8-caa659830cf5",
            "purpose": "laboratory of devops",
            "resources": [
              "do:droplet:322982356"
            ],
            "updated_at": "2022-10-26T11:13:18Z"
          },
          "sensitive_attributes": [],
          "private": "bnVsbA==",
          "dependencies": [
            "data.digitalocean_ssh_key.sshkeys",
            "digitalocean_droplet.ubuntuvm"
          ]
        }
      ]
    }
  ],
  "check_results": []
}
